
Microsoft Visual Studio Solution File, Format Version 12.00
# Visual Studio Version 16
VisualStudioVersion = 16.0.29123.88
MinimumVisualStudioVersion = 10.0.40219.1
Project("{FAE04EC0-301F-11D3-BF4B-00C04F79EFBC}") = "Wilen", "Wilen\Wilen.csproj", "{A67AED18-83F0-435F-8F60-4136198BB669}"
EndProject
Global
	GlobalSection(SolutionConfigurationPlatforms) = preSolution
		Debug|Any CPU = Debug|Any CPU
		Release|Any CPU = Release|Any CPU
	EndGlobalSection
	GlobalSection(ProjectConfigurationPlatforms) = postSolution
		{A67AED18-83F0-435F-8F60-4136198BB669}.Debug|Any CPU.ActiveCfg = Debug|Any CPU
		{A67AED18-83F0-435F-8F60-4136198BB669}.Debug|Any CPU.Build.0 = Debug|Any CPU
		{A67AED18-83F0-435F-8F60-4136198BB669}.Release|Any CPU.ActiveCfg = Release|Any CPU
		{A67AED18-83F0-435F-8F60-4136198BB669}.Release|Any CPU.Build.0 = Release|Any CPU
	EndGlobalSection
	GlobalSection(SolutionProperties) = preSolution
		HideSolutionNode = FALSE
	EndGlobalSection
	GlobalSection(ExtensibilityGlobals) = postSolution
		SolutionGuid = {3B50E6C4-F10B-467F-9926-CE139E27EDFA}
	EndGlobalSection
EndGlobal
